// !$*UTF8*$!
{
	archiveVersion = 1;
	classes = {
	};
	objectVersion = 46;
	objects = {

/* Begin PBXBuildFile section */
		0B465205C58FE22969CDB9A5 /* Pods_Fuse.framework in Frameworks */ = {isa = PBXBuildFile; fileRef = F5B9B8043FF1FAE4BD9B39FF /* Pods_Fuse.framework */; };
		9E3ECBD129012BA48998249D /* Pods_FuseTests.framework in Frameworks */ = {isa = PBXBuildFile; fileRef = A4F7BD9E8156C5497310D897 /* Pods_FuseTests.framework */; };
		F8AA3F6E1D7E003E002463C5 /* AppDelegate.swift in Sources */ = {isa = PBXBuildFile; fileRef = F8AA3F6D1D7E003E002463C5 /* AppDelegate.swift */; };
		F8AA3F701D7E003E002463C5 /* ViewController.swift in Sources */ = {isa = PBXBuildFile; fileRef = F8AA3F6F1D7E003E002463C5 /* ViewController.swift */; };
		F8AA3F731D7E003E002463C5 /* Main.storyboard in Resources */ = {isa = PBXBuildFile; fileRef = F8AA3F711D7E003E002463C5 /* Main.storyboard */; };
		F8AA3F761D7E003E002463C5 /* Fuse.xcdatamodeld in Sources */ = {isa = PBXBuildFile; fileRef = F8AA3F741D7E003E002463C5 /* Fuse.xcdatamodeld */; };
		F8AA3F781D7E003E002463C5 /* Assets.xcassets in Resources */ = {isa = PBXBuildFile; fileRef = F8AA3F771D7E003E002463C5 /* Assets.xcassets */; };
		F8AA3F7B1D7E003E002463C5 /* LaunchScreen.storyboard in Resources */ = {isa = PBXBuildFile; fileRef = F8AA3F791D7E003E002463C5 /* LaunchScreen.storyboard */; };
		F8AA3F861D7E003E002463C5 /* FuseTests.swift in Sources */ = {isa = PBXBuildFile; fileRef = F8AA3F851D7E003E002463C5 /* FuseTests.swift */; };
/* End PBXBuildFile section */

/* Begin PBXContainerItemProxy section */
		F8AA3F821D7E003E002463C5 /* PBXContainerItemProxy */ = {
			isa = PBXContainerItemProxy;
			containerPortal = F8AA3F621D7E003E002463C5 /* Project object */;
			proxyType = 1;
			remoteGlobalIDString = F8AA3F691D7E003E002463C5;
			remoteInfo = Fuse;
		};
/* End PBXContainerItemProxy section */

/* Begin PBXFileReference section */
		271216CF903F711BD5FFE951 /* Pods-Fuse.debug.xcconfig */ = {isa = PBXFileReference; includeInIndex = 1; lastKnownFileType = text.xcconfig; name = "Pods-Fuse.debug.xcconfig"; path = "Pods/Target Support Files/Pods-Fuse/Pods-Fuse.debug.xcconfig"; sourceTree = "<group>"; };
		705587C756FBB40C38F66CA8 /* Pods-Fuse.release.xcconfig */ = {isa = PBXFileReference; includeInIndex = 1; lastKnownFileType = text.xcconfig; name = "Pods-Fuse.release.xcconfig"; path = "Pods/Target Support Files/Pods-Fuse/Pods-Fuse.release.xcconfig"; sourceTree = "<group>"; };
		A4F7BD9E8156C5497310D897 /* Pods_FuseTests.framework */ = {isa = PBXFileReference; explicitFileType = wrapper.framework; includeInIndex = 0; path = Pods_FuseTests.framework; sourceTree = BUILT_PRODUCTS_DIR; };
		C4711CB4C5019B9783105790 /* Pods-FuseTests.debug.xcconfig */ = {isa = PBXFileReference; includeInIndex = 1; lastKnownFileType = text.xcconfig; name = "Pods-FuseTests.debug.xcconfig"; path = "Pods/Target Support Files/Pods-FuseTests/Pods-FuseTests.debug.xcconfig"; sourceTree = "<group>"; };
		C69A55C07EAD717E58889F15 /* Pods-FuseTests.release.xcconfig */ = {isa = PBXFileReference; includeInIndex = 1; lastKnownFileType = text.xcconfig; name = "Pods-FuseTests.release.xcconfig"; path = "Pods/Target Support Files/Pods-FuseTests/Pods-FuseTests.release.xcconfig"; sourceTree = "<group>"; };
		F5B9B8043FF1FAE4BD9B39FF /* Pods_Fuse.framework */ = {isa = PBXFileReference; explicitFileType = wrapper.framework; includeInIndex = 0; path = Pods_Fuse.framework; sourceTree = BUILT_PRODUCTS_DIR; };
		F8AA3F6A1D7E003E002463C5 /* Fuse.app */ = {isa = PBXFileReference; explicitFileType = wrapper.application; includeInIndex = 0; path = Fuse.app; sourceTree = BUILT_PRODUCTS_DIR; };
		F8AA3F6D1D7E003E002463C5 /* AppDelegate.swift */ = {isa = PBXFileReference; lastKnownFileType = sourcecode.swift; path = AppDelegate.swift; sourceTree = "<group>"; };
		F8AA3F6F1D7E003E002463C5 /* ViewController.swift */ = {isa = PBXFileReference; lastKnownFileType = sourcecode.swift; path = ViewController.swift; sourceTree = "<group>"; };
		F8AA3F721D7E003E002463C5 /* Base */ = {isa = PBXFileReference; lastKnownFileType = file.storyboard; name = Base; path = Base.lproj/Main.storyboard; sourceTree = "<group>"; };
		F8AA3F751D7E003E002463C5 /* Fuse.xcdatamodel */ = {isa = PBXFileReference; lastKnownFileType = wrapper.xcdatamodel; path = Fuse.xcdatamodel; sourceTree = "<group>"; };
		F8AA3F771D7E003E002463C5 /* Assets.xcassets */ = {isa = PBXFileReference; lastKnownFileType = folder.assetcatalog; path = Assets.xcassets; sourceTree = "<group>"; };
		F8AA3F7A1D7E003E002463C5 /* Base */ = {isa = PBXFileReference; lastKnownFileType = file.storyboard; name = Base; path = Base.lproj/LaunchScreen.storyboard; sourceTree = "<group>"; };
		F8AA3F7C1D7E003E002463C5 /* Info.plist */ = {isa = PBXFileReference; lastKnownFileType = text.plist.xml; path = Info.plist; sourceTree = "<group>"; };
		F8AA3F811D7E003E002463C5 /* FuseTests.xctest */ = {isa = PBXFileReference; explicitFileType = wrapper.cfbundle; includeInIndex = 0; path = FuseTests.xctest; sourceTree = BUILT_PRODUCTS_DIR; };
		F8AA3F851D7E003E002463C5 /* FuseTests.swift */ = {isa = PBXFileReference; lastKnownFileType = sourcecode.swift; path = FuseTests.swift; sourceTree = "<group>"; };
		F8AA3F871D7E003E002463C5 /* Info.plist */ = {isa = PBXFileReference; lastKnownFileType = text.plist.xml; path = Info.plist; sourceTree = "<group>"; };
/* End PBXFileReference section */

/* Begin PBXFrameworksBuildPhase section */
		F8AA3F671D7E003E002463C5 /* Frameworks */ = {
			isa = PBXFrameworksBuildPhase;
			buildActionMask = 2147483647;
			files = (
				0B465205C58FE22969CDB9A5 /* Pods_Fuse.framework in Frameworks */,
			);
			runOnlyForDeploymentPostprocessing = 0;
		};
		F8AA3F7E1D7E003E002463C5 /* Frameworks */ = {
			isa = PBXFrameworksBuildPhase;
			buildActionMask = 2147483647;
			files = (
				9E3ECBD129012BA48998249D /* Pods_FuseTests.framework in Frameworks */,
			);
			runOnlyForDeploymentPostprocessing = 0;
		};
/* End PBXFrameworksBuildPhase section */

/* Begin PBXGroup section */
		9C7F79639BBAAFA2CF100CA4 /* Frameworks */ = {
			isa = PBXGroup;
			children = (
				F5B9B8043FF1FAE4BD9B39FF /* Pods_Fuse.framework */,
				A4F7BD9E8156C5497310D897 /* Pods_FuseTests.framework */,
			);
			name = Frameworks;
			sourceTree = "<group>";
		};
		E343BB22B4CF1FE851C312D4 /* Pods */ = {
			isa = PBXGroup;
			children = (
				271216CF903F711BD5FFE951 /* Pods-Fuse.debug.xcconfig */,
				705587C756FBB40C38F66CA8 /* Pods-Fuse.release.xcconfig */,
				C4711CB4C5019B9783105790 /* Pods-FuseTests.debug.xcconfig */,
				C69A55C07EAD717E58889F15 /* Pods-FuseTests.release.xcconfig */,
			);
			name = Pods;
			sourceTree = "<group>";
		};
		F8AA3F611D7E003E002463C5 = {
			isa = PBXGroup;
			children = (
				F8AA3F6C1D7E003E002463C5 /* Fuse */,
				F8AA3F841D7E003E002463C5 /* FuseTests */,
				F8AA3F6B1D7E003E002463C5 /* Products */,
				E343BB22B4CF1FE851C312D4 /* Pods */,
				9C7F79639BBAAFA2CF100CA4 /* Frameworks */,
			);
			sourceTree = "<group>";
		};
		F8AA3F6B1D7E003E002463C5 /* Products */ = {
			isa = PBXGroup;
			children = (
				F8AA3F6A1D7E003E002463C5 /* Fuse.app */,
				F8AA3F811D7E003E002463C5 /* FuseTests.xctest */,
			);
			name = Products;
			sourceTree = "<group>";
		};
		F8AA3F6C1D7E003E002463C5 /* Fuse */ = {
			isa = PBXGroup;
			children = (
				F8AA3F6D1D7E003E002463C5 /* AppDelegate.swift */,
				F8AA3F6F1D7E003E002463C5 /* ViewController.swift */,
				F8AA3F711D7E003E002463C5 /* Main.storyboard */,
				F8AA3F771D7E003E002463C5 /* Assets.xcassets */,
				F8AA3F791D7E003E002463C5 /* LaunchScreen.storyboard */,
				F8AA3F7C1D7E003E002463C5 /* Info.plist */,
				F8AA3F741D7E003E002463C5 /* Fuse.xcdatamodeld */,
			);
			path = Fuse;
			sourceTree = "<group>";
		};
		F8AA3F841D7E003E002463C5 /* FuseTests */ = {
			isa = PBXGroup;
			children = (
				F8AA3F851D7E003E002463C5 /* FuseTests.swift */,
				F8AA3F871D7E003E002463C5 /* Info.plist */,
			);
			path = FuseTests;
			sourceTree = "<group>";
		};
/* End PBXGroup section */

/* Begin PBXNativeTarget section */
		F8AA3F691D7E003E002463C5 /* Fuse */ = {
			isa = PBXNativeTarget;
			buildConfigurationList = F8AA3F8A1D7E003E002463C5 /* Build configuration list for PBXNativeTarget "Fuse" */;
			buildPhases = (
				406EEB6CDAED9EC98EF68E68 /* [CP] Check Pods Manifest.lock */,
				F8AA3F661D7E003E002463C5 /* Sources */,
				F8AA3F671D7E003E002463C5 /* Frameworks */,
				F8AA3F681D7E003E002463C5 /* Resources */,
				94D2428812D80389F9F5A024 /* [CP] Embed Pods Frameworks */,
				816A5B0A2FE27DD810A7F123 /* [CP] Copy Pods Resources */,
			);
			buildRules = (
			);
			dependencies = (
			);
			name = Fuse;
			productName = Fuse;
			productReference = F8AA3F6A1D7E003E002463C5 /* Fuse.app */;
			productType = "com.apple.product-type.application";
		};
		F8AA3F801D7E003E002463C5 /* FuseTests */ = {
			isa = PBXNativeTarget;
			buildConfigurationList = F8AA3F8D1D7E003E002463C5 /* Build configuration list for PBXNativeTarget "FuseTests" */;
			buildPhases = (
				6B872EB90FEE113E65CBC209 /* [CP] Check Pods Manifest.lock */,
				F8AA3F7D1D7E003E002463C5 /* Sources */,
				F8AA3F7E1D7E003E002463C5 /* Frameworks */,
				F8AA3F7F1D7E003E002463C5 /* Resources */,
				9772F9D88AAA6DE2D130EEEC /* [CP] Embed Pods Frameworks */,
				88DF107E328DF1A0AC3B1389 /* [CP] Copy Pods Resources */,
			);
			buildRules = (
			);
			dependencies = (
				F8AA3F831D7E003E002463C5 /* PBXTargetDependency */,
			);
			name = FuseTests;
			productName = FuseTests;
			productReference = F8AA3F811D7E003E002463C5 /* FuseTests.xctest */;
			productType = "com.apple.product-type.bundle.unit-test";
		};
/* End PBXNativeTarget section */

/* Begin PBXProject section */
		F8AA3F621D7E003E002463C5 /* Project object */ = {
			isa = PBXProject;
			attributes = {
				LastSwiftUpdateCheck = 0730;
				LastUpgradeCheck = 0730;
				ORGANIZATIONNAME = BazylRei;
				TargetAttributes = {
					F8AA3F691D7E003E002463C5 = {
						CreatedOnToolsVersion = 7.3.1;
					};
					F8AA3F801D7E003E002463C5 = {
						CreatedOnToolsVersion = 7.3.1;
						TestTargetID = F8AA3F691D7E003E002463C5;
					};
				};
			};
			buildConfigurationList = F8AA3F651D7E003E002463C5 /* Build configuration list for PBXProject "Fuse" */;
			compatibilityVersion = "Xcode 3.2";
			developmentRegion = English;
			hasScannedForEncodings = 0;
			knownRegions = (
				en,
				Base,
			);
			mainGroup = F8AA3F611D7E003E002463C5;
			productRefGroup = F8AA3F6B1D7E003E002463C5 /* Products */;
			projectDirPath = "";
			projectRoot = "";
			targets = (
				F8AA3F691D7E003E002463C5 /* Fuse */,
				F8AA3F801D7E003E002463C5 /* FuseTests */,
			);
		};
/* End PBXProject section */

/* Begin PBXResourcesBuildPhase section */
		F8AA3F681D7E003E002463C5 /* Resources */ = {
			isa = PBXResourcesBuildPhase;
			buildActionMask = 2147483647;
			files = (
				F8AA3F7B1D7E003E002463C5 /* LaunchScreen.storyboard in Resources */,
				F8AA3F781D7E003E002463C5 /* Assets.xcassets in Resources */,
				F8AA3F731D7E003E002463C5 /* Main.storyboard in Resources */,
			);
			runOnlyForDeploymentPostprocessing = 0;
		};
		F8AA3F7F1D7E003E002463C5 /* Resources */ = {
			isa = PBXResourcesBuildPhase;
			buildActionMask = 2147483647;
			files = (
			);
			runOnlyForDeploymentPostprocessing = 0;
		};
/* End PBXResourcesBuildPhase section */

/* Begin PBXShellScriptBuildPhase section */
		406EEB6CDAED9EC98EF68E68 /* [CP] Check Pods Manifest.lock */ = {
			isa = PBXShellScriptBuildPhase;
			buildActionMask = 2147483647;
			files = (
			);
			inputPaths = (
			);
			name = "[CP] Check Pods Manifest.lock";
			outputPaths = (
			);
			runOnlyForDeploymentPostprocessing = 0;
			shellPath = /bin/sh;
			shellScript = "diff \"${PODS_ROOT}/../Podfile.lock\" \"${PODS_ROOT}/Manifest.lock\" > /dev/null\nif [[ $? != 0 ]] ; then\n    cat << EOM\nerror: The sandbox is not in sync with the Podfile.lock. Run 'pod install' or update your CocoaPods installation.\nEOM\n    exit 1\nfi\n";
			showEnvVarsInLog = 0;
		};
		6B872EB90FEE113E65CBC209 /* [CP] Check Pods Manifest.lock */ = {
			isa = PBXShellScriptBuildPhase;
			buildActionMask = 2147483647;
			files = (
			);
			inputPaths = (
			);
			name = "[CP] Check Pods Manifest.lock";
			outputPaths = (
			);
			runOnlyForDeploymentPostprocessing = 0;
			shellPath = /bin/sh;
			shellScript = "diff \"${PODS_ROOT}/../Podfile.lock\" \"${PODS_ROOT}/Manifest.lock\" > /dev/null\nif [[ $? != 0 ]] ; then\n    cat << EOM\nerror: The sandbox is not in sync with the Podfile.lock. Run 'pod install' or update your CocoaPods installation.\nEOM\n    exit 1\nfi\n";
			showEnvVarsInLog = 0;
		};
		816A5B0A2FE27DD810A7F123 /* [CP] Copy Pods Resources */ = {
			isa = PBXShellScriptBuildPhase;
			buildActionMask = 2147483647;
			files = (
			);
			inputPaths = (
			);
			name = "[CP] Copy Pods Resources";
			outputPaths = (
			);
			runOnlyForDeploymentPostprocessing = 0;
			shellPath = /bin/sh;
			shellScript = "\"${SRCROOT}/Pods/Target Support Files/Pods-Fuse/Pods-Fuse-resources.sh\"\n";
			showEnvVarsInLog = 0;
		};
		88DF107E328DF1A0AC3B1389 /* [CP] Copy Pods Resources */ = {
			isa = PBXShellScriptBuildPhase;
			buildActionMask = 2147483647;
			files = (
			);
			inputPaths = (
			);
			name = "[CP] Copy Pods Resources";
			outputPaths = (
			);
			runOnlyForDeploymentPostprocessing = 0;
			shellPath = /bin/sh;
			shellScript = "\"${SRCROOT}/Pods/Target Support Files/Pods-FuseTests/Pods-FuseTests-resources.sh\"\n";
			showEnvVarsInLog = 0;
		};
		94D2428812D80389F9F5A024 /* [CP] Embed Pods Frameworks */ = {
			isa = PBXShellScriptBuildPhase;
			buildActionMask = 2147483647;
			files = (
			);
			inputPaths = (
			);
			name = "[CP] Embed Pods Frameworks";
			outputPaths = (
			);
			runOnlyForDeploymentPostprocessing = 0;
			shellPath = /bin/sh;
			shellScript = "\"${SRCROOT}/Pods/Target Support Files/Pods-Fuse/Pods-Fuse-frameworks.sh\"\n";
			showEnvVarsInLog = 0;
		};
		9772F9D88AAA6DE2D130EEEC /* [CP] Embed Pods Frameworks */ = {
			isa = PBXShellScriptBuildPhase;
			buildActionMask = 2147483647;
			files = (
			);
			inputPaths = (
			);
			name = "[CP] Embed Pods Frameworks";
			outputPaths = (
			);
			runOnlyForDeploymentPostprocessing = 0;
			shellPath = /bin/sh;
			shellScript = "\"${SRCROOT}/Pods/Target Support Files/Pods-FuseTests/Pods-FuseTests-frameworks.sh\"\n";
			showEnvVarsInLog = 0;
		};
/* End PBXShellScriptBuildPhase section */

/* Begin PBXSourcesBuildPhase section */
		F8AA3F661D7E003E002463C5 /* Sources */ = {
			isa = PBXSourcesBuildPhase;
			buildActionMask = 2147483647;
			files = (
				F8AA3F701D7E003E002463C5 /* ViewController.swift in Sources */,
				F8AA3F6E1D7E003E002463C5 /* AppDelegate.swift in Sources */,
				F8AA3F761D7E003E002463C5 /* Fuse.xcdatamodeld in Sources */,
			);
			runOnlyForDeploymentPostprocessing = 0;
		};
		F8AA3F7D1D7E003E002463C5 /* Sources */ = {
			isa = PBXSourcesBuildPhase;
			buildActionMask = 2147483647;
			files = (
				F8AA3F861D7E003E002463C5 /* FuseTests.swift in Sources */,
			);
			runOnlyForDeploymentPostprocessing = 0;
		};
/* End PBXSourcesBuildPhase section */

/* Begin PBXTargetDependency section */
		F8AA3F831D7E003E002463C5 /* PBXTargetDependency */ = {
			isa = PBXTargetDependency;
			target = F8AA3F691D7E003E002463C5 /* Fuse */;
			targetProxy = F8AA3F821D7E003E002463C5 /* PBXContainerItemProxy */;
		};
/* End PBXTargetDependency section */

/* Begin PBXVariantGroup section */
		F8AA3F711D7E003E002463C5 /* Main.storyboard */ = {
			isa = PBXVariantGroup;
			children = (
				F8AA3F721D7E003E002463C5 /* Base */,
			);
			name = Main.storyboard;
			sourceTree = "<group>";
		};
		F8AA3F791D7E003E002463C5 /* LaunchScreen.storyboard */ = {
			isa = PBXVariantGroup;
			children = (
				F8AA3F7A1D7E003E002463C5 /* Base */,
			);
			name = LaunchScreen.storyboard;
			sourceTree = "<group>";
		};
/* End PBXVariantGroup section */

/* Begin XCBuildConfiguration section */
		F8AA3F881D7E003E002463C5 /* Debug */ = {
			isa = XCBuildConfiguration;
			buildSettings = {
				ALWAYS_SEARCH_USER_PATHS = NO;
				CLANG_ANALYZER_NONNULL = YES;
				CLANG_CXX_LANGUAGE_STANDARD = "gnu++0x";
				CLANG_CXX_LIBRARY = "libc++";
				CLANG_ENABLE_MODULES = YES;
				CLANG_ENABLE_OBJC_ARC = YES;
				CLANG_WARN_BOOL_CONVERSION = YES;
				CLANG_WARN_CONSTANT_CONVERSION = YES;
				CLANG_WARN_DIRECT_OBJC_ISA_USAGE = YES_ERROR;
				CLANG_WARN_EMPTY_BODY = YES;
				CLANG_WARN_ENUM_CONVERSION = YES;
				CLANG_WARN_INT_CONVERSION = YES;
				CLANG_WARN_OBJC_ROOT_CLASS = YES_ERROR;
				CLANG_WARN_UNREACHABLE_CODE = YES;
				CLANG_WARN__DUPLICATE_METHOD_MATCH = YES;
				"CODE_SIGN_IDENTITY[sdk=iphoneos*]" = "iPhone Developer";
				COPY_PHASE_STRIP = NO;
				DEBUG_INFORMATION_FORMAT = dwarf;
				ENABLE_STRICT_OBJC_MSGSEND = YES;
				ENABLE_TESTABILITY = YES;
				GCC_C_LANGUAGE_STANDARD = gnu99;
				GCC_DYNAMIC_NO_PIC = NO;
				GCC_NO_COMMON_BLOCKS = YES;
				GCC_OPTIMIZATION_LEVEL = 0;
				GCC_PREPROCESSOR_DEFINITIONS = (
					"DEBUG=1",
					"$(inherited)",
				);
				GCC_WARN_64_TO_32_BIT_CONVERSION = YES;
				GCC_WARN_ABOUT_RETURN_TYPE = YES_ERROR;
				GCC_WARN_UNDECLARED_SELECTOR = YES;
				GCC_WARN_UNINITIALIZED_AUTOS = YES_AGGRESSIVE;
				GCC_WARN_UNUSED_FUNCTION = YES;
				GCC_WARN_UNUSED_VARIABLE = YES;
				IPHONEOS_DEPLOYMENT_TARGET = 9.3;
				MTL_ENABLE_DEBUG_INFO = YES;
				ONLY_ACTIVE_ARCH = YES;
				SDKROOT = iphoneos;
				SWIFT_OPTIMIZATION_LEVEL = "-Onone";
				TARGETED_DEVICE_FAMILY = "1,2";
			};
			name = Debug;
		};
		F8AA3F891D7E003E002463C5 /* Release */ = {
			isa = XCBuildConfiguration;
			buildSettings = {
				ALWAYS_SEARCH_USER_PATHS = NO;
				CLANG_ANALYZER_NONNULL = YES;
				CLANG_CXX_LANGUAGE_STANDARD = "gnu++0x";
				CLANG_CXX_LIBRARY = "libc++";
				CLANG_ENABLE_MODULES = YES;
				CLANG_ENABLE_OBJC_ARC = YES;
				CLANG_WARN_BOOL_CONVERSION = YES;
				CLANG_WARN_CONSTANT_CONVERSION = YES;
				CLANG_WARN_DIRECT_OBJC_ISA_USAGE = YES_ERROR;
				CLANG_WARN_EMPTY_BODY = YES;
				CLANG_WARN_ENUM_CONVERSION = YES;
				CLANG_WARN_INT_CONVERSION = YES;
				CLANG_WARN_OBJC_ROOT_CLASS = YES_ERROR;
				CLANG_WARN_UNREACHABLE_CODE = YES;
				CLANG_WARN__DUPLICATE_METHOD_MATCH = YES;
				"CODE_SIGN_IDENTITY[sdk=iphoneos*]" = "iPhone Developer";
				COPY_PHASE_STRIP = NO;
				DEBUG_INFORMATION_FORMAT = "dwarf-with-dsym";
				ENABLE_NS_ASSERTIONS = NO;
				ENABLE_STRICT_OBJC_MSGSEND = YES;
				GCC_C_LANGUAGE_STANDARD = gnu99;
				GCC_NO_COMMON_BLOCKS = YES;
				GCC_WARN_64_TO_32_BIT_CONVERSION = YES;
				GCC_WARN_ABOUT_RETURN_TYPE = YES_ERROR;
				GCC_WARN_UNDECLARED_SELECTOR = YES;
				GCC_WARN_UNINITIALIZED_AUTOS = YES_AGGRESSIVE;
				GCC_WARN_UNUSED_FUNCTION = YES;
				GCC_WARN_UNUSED_VARIABLE = YES;
				IPHONEOS_DEPLOYMENT_TARGET = 9.3;
				MTL_ENABLE_DEBUG_INFO = NO;
				SDKROOT = iphoneos;
				TARGETED_DEVICE_FAMILY = "1,2";
				VALIDATE_PRODUCT = YES;
			};
			name = Release;
		};
		F8AA3F8B1D7E003E002463C5 /* Debug */ = {
			isa = XCBuildConfiguration;
			baseConfigurationReference = 271216CF903F711BD5FFE951 /* Pods-Fuse.debug.xcconfig */;
			buildSettings = {
				ASSETCATALOG_COMPILER_APPICON_NAME = AppIcon;
				INFOPLIST_FILE = Fuse/Info.plist;
				LD_RUNPATH_SEARCH_PATHS = "$(inherited) @executable_path/Frameworks";
				PRODUCT_BUNDLE_IDENTIFIER = com.bazylrei.Fuse;
				PRODUCT_NAME = "$(TARGET_NAME)";
			};
			name = Debug;
		};
		F8AA3F8C1D7E003E002463C5 /* Release */ = {
			isa = XCBuildConfiguration;
			baseConfigurationReference = 705587C756FBB40C38F66CA8 /* Pods-Fuse.release.xcconfig */;
			buildSettings = {
				ASSETCATALOG_COMPILER_APPICON_NAME = AppIcon;
				INFOPLIST_FILE = Fuse/Info.plist;
				LD_RUNPATH_SEARCH_PATHS = "$(inherited) @executable_path/Frameworks";
				PRODUCT_BUNDLE_IDENTIFIER = com.bazylrei.Fuse;
				PRODUCT_NAME = "$(TARGET_NAME)";
			};
			name = Release;
		};
		F8AA3F8E1D7E003E002463C5 /* Debug */ = {
			isa = XCBuildConfiguration;
			baseConfigurationReference = C4711CB4C5019B9783105790 /* Pods-FuseTests.debug.xcconfig */;
			buildSettings = {
				BUNDLE_LOADER = "$(TEST_HOST)";
				INFOPLIST_FILE = FuseTests/Info.plist;
				LD_RUNPATH_SEARCH_PATHS = "$(inherited) @executable_path/Frameworks @loader_path/Frameworks";
				PRODUCT_BUNDLE_IDENTIFIER = com.bazylrei.FuseTests;
				PRODUCT_NAME = "$(TARGET_NAME)";
				TEST_HOST = "$(BUILT_PRODUCTS_DIR)/Fuse.app/Fuse";
			};
			name = Debug;
		};
		F8AA3F8F1D7E003E002463C5 /* Release */ = {
			isa = XCBuildConfiguration;
			baseConfigurationReference = C69A55C07EAD717E58889F15 /* Pods-FuseTests.release.xcconfig */;
			buildSettings = {
				BUNDLE_LOADER = "$(TEST_HOST)";
				INFOPLIST_FILE = FuseTests/Info.plist;
				LD_RUNPATH_SEARCH_PATHS = "$(inherited) @executable_path/Frameworks @loader_path/Frameworks";
				PRODUCT_BUNDLE_IDENTIFIER = com.bazylrei.FuseTests;
				PRODUCT_NAME = "$(TARGET_NAME)";
				TEST_HOST = "$(BUILT_PRODUCTS_DIR)/Fuse.app/Fuse";
			};
			name = Release;
		};
/* End XCBuildConfiguration section */

/* Begin XCConfigurationList section */
		F8AA3F651D7E003E002463C5 /* Build configuration list for PBXProject "Fuse" */ = {
			isa = XCConfigurationList;
			buildConfigurations = (
				F8AA3F881D7E003E002463C5 /* Debug */,
				F8AA3F891D7E003E002463C5 /* Release */,
			);
			defaultConfigurationIsVisible = 0;
			defaultConfigurationName = Release;
		};
		F8AA3F8A1D7E003E002463C5 /* Build configuration list for PBXNativeTarget "Fuse" */ = {
			isa = XCConfigurationList;
			buildConfigurations = (
				F8AA3F8B1D7E003E002463C5 /* Debug */,
				F8AA3F8C1D7E003E002463C5 /* Release */,
			);
			defaultConfigurationIsVisible = 0;
			defaultConfigurationName = Release;
		};
		F8AA3F8D1D7E003E002463C5 /* Build configuration list for PBXNativeTarget "FuseTests" */ = {
			isa = XCConfigurationList;
			buildConfigurations = (
				F8AA3F8E1D7E003E002463C5 /* Debug */,
				F8AA3F8F1D7E003E002463C5 /* Release */,
			);
			defaultConfigurationIsVisible = 0;
			defaultConfigurationName = Release;
		};
/* End XCConfigurationList section */

/* Begin XCVersionGroup section */
		F8AA3F741D7E003E002463C5 /* Fuse.xcdatamodeld */ = {
			isa = XCVersionGroup;
			children = (
				F8AA3F751D7E003E002463C5 /* Fuse.xcdatamodel */,
			);
			currentVersion = F8AA3F751D7E003E002463C5 /* Fuse.xcdatamodel */;
			path = Fuse.xcdatamodeld;
			sourceTree = "<group>";
			versionGroupType = wrapper.xcdatamodel;
		};
/* End XCVersionGroup section */
	};
	rootObject = F8AA3F621D7E003E002463C5 /* Project object */;
}
